
Microsoft Visual Studio Solution File, Format Version 12.00
# Visual Studio Version 17
VisualStudioVersion = 17.7.34031.279
MinimumVisualStudioVersion = 10.0.40219.1
Project("{FAE04EC0-301F-11D3-BF4B-00C04F79EFBC}") = "P01_StudentSystem", "P01_StudentSystem\P01_StudentSystem.csproj", "{E85650FD-BAA3-432C-B95F-D9F8050D5E73}"
EndProject
Project("{FAE04EC0-301F-11D3-BF4B-00C04F79EFBC}") = "P01_StudentSystem.Data", "P01_StudentSystem.Data\P01_StudentSystem.Data.csproj", "{1D247B76-77B5-46DD-9981-D29B1A9D3202}"
EndProject
Project("{FAE04EC0-301F-11D3-BF4B-00C04F79EFBC}") = "P01_StudentSystem.Data.Models", "P01_StudentSystem.Data.Models\P01_StudentSystem.Data.Models.csproj", "{0924D3C7-198B-4E7A-9FB4-3A4DA8066763}"
EndProject
Global
	GlobalSection(SolutionConfigurationPlatforms) = preSolution
		Debug|Any CPU = Debug|Any CPU
		Release|Any CPU = Release|Any CPU
	EndGlobalSection
	GlobalSection(ProjectConfigurationPlatforms) = postSolution
		{E85650FD-BAA3-432C-B95F-D9F8050D5E73}.Debug|Any CPU.ActiveCfg = Debug|Any CPU
		{E85650FD-BAA3-432C-B95F-D9F8050D5E73}.Debug|Any CPU.Build.0 = Debug|Any CPU
		{E85650FD-BAA3-432C-B95F-D9F8050D5E73}.Release|Any CPU.ActiveCfg = Release|Any CPU
		{E85650FD-BAA3-432C-B95F-D9F8050D5E73}.Release|Any CPU.Build.0 = Release|Any CPU
		{1D247B76-77B5-46DD-9981-D29B1A9D3202}.Debug|Any CPU.ActiveCfg = Debug|Any CPU
		{1D247B76-77B5-46DD-9981-D29B1A9D3202}.Debug|Any CPU.Build.0 = Debug|Any CPU
		{1D247B76-77B5-46DD-9981-D29B1A9D3202}.Release|Any CPU.ActiveCfg = Release|Any CPU
		{1D247B76-77B5-46DD-9981-D29B1A9D3202}.Release|Any CPU.Build.0 = Release|Any CPU
		{0924D3C7-198B-4E7A-9FB4-3A4DA8066763}.Debug|Any CPU.ActiveCfg = Debug|Any CPU
		{0924D3C7-198B-4E7A-9FB4-3A4DA8066763}.Debug|Any CPU.Build.0 = Debug|Any CPU
		{0924D3C7-198B-4E7A-9FB4-3A4DA8066763}.Release|Any CPU.ActiveCfg = Release|Any CPU
		{0924D3C7-198B-4E7A-9FB4-3A4DA8066763}.Release|Any CPU.Build.0 = Release|Any CPU
	EndGlobalSection
	GlobalSection(SolutionProperties) = preSolution
		HideSolutionNode = FALSE
	EndGlobalSection
	GlobalSection(ExtensibilityGlobals) = postSolution
		SolutionGuid = {9118A28E-538E-4BD0-90AA-A0B6EA807A89}
	EndGlobalSection
EndGlobal
