
Microsoft Visual Studio Solution File, Format Version 12.00
# Visual Studio Version 17
VisualStudioVersion = 17.9.34607.119
MinimumVisualStudioVersion = 10.0.40219.1
Project("{FAE04EC0-301F-11D3-BF4B-00C04F79EFBC}") = "CoffeeShopApp", "CoffeeShopApp\CoffeeShopApp.csproj", "{944584F4-2F17-416C-B01B-254A10DF905C}"
EndProject
Global
	GlobalSection(SolutionConfigurationPlatforms) = preSolution
		Debug|Any CPU = Debug|Any CPU
		Release|Any CPU = Release|Any CPU
	EndGlobalSection
	GlobalSection(ProjectConfigurationPlatforms) = postSolution
		{944584F4-2F17-416C-B01B-254A10DF905C}.Debug|Any CPU.ActiveCfg = Debug|Any CPU
		{944584F4-2F17-416C-B01B-254A10DF905C}.Debug|Any CPU.Build.0 = Debug|Any CPU
		{944584F4-2F17-416C-B01B-254A10DF905C}.Release|Any CPU.ActiveCfg = Release|Any CPU
		{944584F4-2F17-416C-B01B-254A10DF905C}.Release|Any CPU.Build.0 = Release|Any CPU
	EndGlobalSection
	GlobalSection(SolutionProperties) = preSolution
		HideSolutionNode = FALSE
	EndGlobalSection
	GlobalSection(ExtensibilityGlobals) = postSolution
		SolutionGuid = {84E67FA8-EF4D-4479-BFD0-90045ADF8744}
	EndGlobalSection
EndGlobal
