
Microsoft Visual Studio Solution File, Format Version 12.00
# Visual Studio Version 16
VisualStudioVersion = 16.0.33130.400
MinimumVisualStudioVersion = 10.0.40219.1
Project("{FAE04EC0-301F-11D3-BF4B-00C04F79EFBC}") = "Telephony", "Telephony\Telephony.csproj", "{2D6FB454-1E7C-4358-A73D-6AC5967FF0B7}"
EndProject
Global
	GlobalSection(SolutionConfigurationPlatforms) = preSolution
		Debug|Any CPU = Debug|Any CPU
		Release|Any CPU = Release|Any CPU
	EndGlobalSection
	GlobalSection(ProjectConfigurationPlatforms) = postSolution
		{2D6FB454-1E7C-4358-A73D-6AC5967FF0B7}.Debug|Any CPU.ActiveCfg = Debug|Any CPU
		{2D6FB454-1E7C-4358-A73D-6AC5967FF0B7}.Debug|Any CPU.Build.0 = Debug|Any CPU
		{2D6FB454-1E7C-4358-A73D-6AC5967FF0B7}.Release|Any CPU.ActiveCfg = Release|Any CPU
		{2D6FB454-1E7C-4358-A73D-6AC5967FF0B7}.Release|Any CPU.Build.0 = Release|Any CPU
	EndGlobalSection
	GlobalSection(SolutionProperties) = preSolution
		HideSolutionNode = FALSE
	EndGlobalSection
	GlobalSection(ExtensibilityGlobals) = postSolution
		SolutionGuid = {7A82C4A8-C137-47CC-9D79-3FEE4349397C}
	EndGlobalSection
EndGlobal
