
Microsoft Visual Studio Solution File, Format Version 12.00
# Visual Studio Version 16
VisualStudioVersion = 16.0.33801.447
MinimumVisualStudioVersion = 10.0.40219.1
Project("{FAE04EC0-301F-11D3-BF4B-00C04F79EFBC}") = "RecursiveDrawing", "RecursiveDrawing\RecursiveDrawing.csproj", "{D911014D-87FD-4395-B9FD-17DF9C02B481}"
EndProject
Global
	GlobalSection(SolutionConfigurationPlatforms) = preSolution
		Debug|Any CPU = Debug|Any CPU
		Release|Any CPU = Release|Any CPU
	EndGlobalSection
	GlobalSection(ProjectConfigurationPlatforms) = postSolution
		{D911014D-87FD-4395-B9FD-17DF9C02B481}.Debug|Any CPU.ActiveCfg = Debug|Any CPU
		{D911014D-87FD-4395-B9FD-17DF9C02B481}.Debug|Any CPU.Build.0 = Debug|Any CPU
		{D911014D-87FD-4395-B9FD-17DF9C02B481}.Release|Any CPU.ActiveCfg = Release|Any CPU
		{D911014D-87FD-4395-B9FD-17DF9C02B481}.Release|Any CPU.Build.0 = Release|Any CPU
	EndGlobalSection
	GlobalSection(SolutionProperties) = preSolution
		HideSolutionNode = FALSE
	EndGlobalSection
	GlobalSection(ExtensibilityGlobals) = postSolution
		SolutionGuid = {BDFA030D-2305-4F34-B07F-0F8188447380}
	EndGlobalSection
EndGlobal
