
Microsoft Visual Studio Solution File, Format Version 12.00
# Visual Studio Version 17
VisualStudioVersion = 17.9.34728.123
MinimumVisualStudioVersion = 10.0.40219.1
Project("{FAE04EC0-301F-11D3-BF4B-00C04F79EFBC}") = "HouseRentingSystem", "HouseRentingSystem\HouseRentingSystem.csproj", "{222D05DF-01D7-4EBF-9079-DB422D54D859}"
EndProject
Global
	GlobalSection(SolutionConfigurationPlatforms) = preSolution
		Debug|Any CPU = Debug|Any CPU
		Release|Any CPU = Release|Any CPU
	EndGlobalSection
	GlobalSection(ProjectConfigurationPlatforms) = postSolution
		{222D05DF-01D7-4EBF-9079-DB422D54D859}.Debug|Any CPU.ActiveCfg = Debug|Any CPU
		{222D05DF-01D7-4EBF-9079-DB422D54D859}.Debug|Any CPU.Build.0 = Debug|Any CPU
		{222D05DF-01D7-4EBF-9079-DB422D54D859}.Release|Any CPU.ActiveCfg = Release|Any CPU
		{222D05DF-01D7-4EBF-9079-DB422D54D859}.Release|Any CPU.Build.0 = Release|Any CPU
	EndGlobalSection
	GlobalSection(SolutionProperties) = preSolution
		HideSolutionNode = FALSE
	EndGlobalSection
	GlobalSection(ExtensibilityGlobals) = postSolution
		SolutionGuid = {89DC6D12-8837-4F2D-A9F6-A5D4AFB218D6}
	EndGlobalSection
EndGlobal
